
Microsoft Visual Studio Solution File, Format Version 12.00
# Visual Studio Version 17
VisualStudioVersion = 17.3.32922.545
MinimumVisualStudioVersion = 10.0.40219.1
Project("{FAE04EC0-301F-11D3-BF4B-00C04F79EFBC}") = "MVCIdentity", "MVCIdentity\MVCIdentity.csproj", "{0A01260E-CDAE-44A0-9292-6FDFD58C08FE}"
EndProject
Global
	GlobalSection(SolutionConfigurationPlatforms) = preSolution
		Debug|Any CPU = Debug|Any CPU
		Release|Any CPU = Release|Any CPU
	EndGlobalSection
	GlobalSection(ProjectConfigurationPlatforms) = postSolution
		{0A01260E-CDAE-44A0-9292-6FDFD58C08FE}.Debug|Any CPU.ActiveCfg = Debug|Any CPU
		{0A01260E-CDAE-44A0-9292-6FDFD58C08FE}.Debug|Any CPU.Build.0 = Debug|Any CPU
		{0A01260E-CDAE-44A0-9292-6FDFD58C08FE}.Release|Any CPU.ActiveCfg = Release|Any CPU
		{0A01260E-CDAE-44A0-9292-6FDFD58C08FE}.Release|Any CPU.Build.0 = Release|Any CPU
	EndGlobalSection
	GlobalSection(SolutionProperties) = preSolution
		HideSolutionNode = FALSE
	EndGlobalSection
	GlobalSection(ExtensibilityGlobals) = postSolution
		SolutionGuid = {FAAAF4C4-72C1-4C55-94BF-C2ED4FCFEB9D}
	EndGlobalSection
EndGlobal
